// !$*UTF8*$!
{
	archiveVersion = 1;
	classes = {
	};
	objectVersion = 50;
	objects = {

/* Begin PBXBuildFile section */
		F421855F2293E77F001F96F2 /* ExpandableCell.m in Sources */ = {isa = PBXBuildFile; fileRef = F421855D2293E77F001F96F2 /* ExpandableCell.m */; };
		F42185602293E77F001F96F2 /* ExpandableCell.xib in Resources */ = {isa = PBXBuildFile; fileRef = F421855E2293E77F001F96F2 /* ExpandableCell.xib */; };
		F4456D65229283A200469597 /* AppDelegate.m in Sources */ = {isa = PBXBuildFile; fileRef = F4456D64229283A200469597 /* AppDelegate.m */; };
		F4456D68229283A200469597 /* ViewController.m in Sources */ = {isa = PBXBuildFile; fileRef = F4456D67229283A200469597 /* ViewController.m */; };
		F4456D6B229283A200469597 /* Main.storyboard in Resources */ = {isa = PBXBuildFile; fileRef = F4456D69229283A200469597 /* Main.storyboard */; };
		F4456D6D229283A400469597 /* Assets.xcassets in Resources */ = {isa = PBXBuildFile; fileRef = F4456D6C229283A400469597 /* Assets.xcassets */; };
		F4456D70229283A400469597 /* LaunchScreen.storyboard in Resources */ = {isa = PBXBuildFile; fileRef = F4456D6E229283A400469597 /* LaunchScreen.storyboard */; };
		F4456D73229283A400469597 /* main.m in Sources */ = {isa = PBXBuildFile; fileRef = F4456D72229283A400469597 /* main.m */; };
/* End PBXBuildFile section */

/* Begin PBXFileReference section */
		F421855C2293E77F001F96F2 /* ExpandableCell.h */ = {isa = PBXFileReference; lastKnownFileType = sourcecode.c.h; path = ExpandableCell.h; sourceTree = "<group>"; };
		F421855D2293E77F001F96F2 /* ExpandableCell.m */ = {isa = PBXFileReference; lastKnownFileType = sourcecode.c.objc; path = ExpandableCell.m; sourceTree = "<group>"; };
		F421855E2293E77F001F96F2 /* ExpandableCell.xib */ = {isa = PBXFileReference; lastKnownFileType = file.xib; path = ExpandableCell.xib; sourceTree = "<group>"; };
		F4456D60229283A200469597 /* Objective-C UITableView.app */ = {isa = PBXFileReference; explicitFileType = wrapper.application; includeInIndex = 0; path = "Objective-C UITableView.app"; sourceTree = BUILT_PRODUCTS_DIR; };
		F4456D63229283A200469597 /* AppDelegate.h */ = {isa = PBXFileReference; lastKnownFileType = sourcecode.c.h; path = AppDelegate.h; sourceTree = "<group>"; };
		F4456D64229283A200469597 /* AppDelegate.m */ = {isa = PBXFileReference; lastKnownFileType = sourcecode.c.objc; path = AppDelegate.m; sourceTree = "<group>"; };
		F4456D66229283A200469597 /* ViewController.h */ = {isa = PBXFileReference; lastKnownFileType = sourcecode.c.h; path = ViewController.h; sourceTree = "<group>"; };
		F4456D67229283A200469597 /* ViewController.m */ = {isa = PBXFileReference; lastKnownFileType = sourcecode.c.objc; path = ViewController.m; sourceTree = "<group>"; };
		F4456D6A229283A200469597 /* Base */ = {isa = PBXFileReference; lastKnownFileType = file.storyboard; name = Base; path = Base.lproj/Main.storyboard; sourceTree = "<group>"; };
		F4456D6C229283A400469597 /* Assets.xcassets */ = {isa = PBXFileReference; lastKnownFileType = folder.assetcatalog; path = Assets.xcassets; sourceTree = "<group>"; };
		F4456D6F229283A400469597 /* Base */ = {isa = PBXFileReference; lastKnownFileType = file.storyboard; name = Base; path = Base.lproj/LaunchScreen.storyboard; sourceTree = "<group>"; };
		F4456D71229283A400469597 /* Info.plist */ = {isa = PBXFileReference; lastKnownFileType = text.plist.xml; path = Info.plist; sourceTree = "<group>"; };
		F4456D72229283A400469597 /* main.m */ = {isa = PBXFileReference; lastKnownFileType = sourcecode.c.objc; path = main.m; sourceTree = "<group>"; };
/* End PBXFileReference section */

/* Begin PBXFrameworksBuildPhase section */
		F4456D5D229283A200469597 /* Frameworks */ = {
			isa = PBXFrameworksBuildPhase;
			buildActionMask = 2147483647;
			files = (
			);
			runOnlyForDeploymentPostprocessing = 0;
		};
/* End PBXFrameworksBuildPhase section */

/* Begin PBXGroup section */
		F42185592293E18D001F96F2 /* View */ = {
			isa = PBXGroup;
			children = (
				F42185622293F228001F96F2 /* Storyboards */,
				F42185612293F1FF001F96F2 /* Cell */,
			);
			path = View;
			sourceTree = "<group>";
		};
		F421855A2293E1A2001F96F2 /* Controller */ = {
			isa = PBXGroup;
			children = (
				F4456D66229283A200469597 /* ViewController.h */,
				F4456D67229283A200469597 /* ViewController.m */,
			);
			path = Controller;
			sourceTree = "<group>";
		};
		F421855B2293E3FE001F96F2 /* Resources */ = {
			isa = PBXGroup;
			children = (
				F4456D6C229283A400469597 /* Assets.xcassets */,
			);
			path = Resources;
			sourceTree = "<group>";
		};
		F42185612293F1FF001F96F2 /* Cell */ = {
			isa = PBXGroup;
			children = (
				F421855C2293E77F001F96F2 /* ExpandableCell.h */,
				F421855D2293E77F001F96F2 /* ExpandableCell.m */,
				F421855E2293E77F001F96F2 /* ExpandableCell.xib */,
			);
			path = Cell;
			sourceTree = "<group>";
		};
		F42185622293F228001F96F2 /* Storyboards */ = {
			isa = PBXGroup;
			children = (
				F4456D69229283A200469597 /* Main.storyboard */,
				F4456D6E229283A400469597 /* LaunchScreen.storyboard */,
			);
			path = Storyboards;
			sourceTree = "<group>";
		};
		F421856322940A23001F96F2 /* Other */ = {
			isa = PBXGroup;
			children = (
				F4456D72229283A400469597 /* main.m */,
				F4456D63229283A200469597 /* AppDelegate.h */,
				F4456D64229283A200469597 /* AppDelegate.m */,
			);
			path = Other;
			sourceTree = "<group>";
		};
		F4456D57229283A200469597 = {
			isa = PBXGroup;
			children = (
				F4456D62229283A200469597 /* Objective-C UITableView */,
				F4456D61229283A200469597 /* Products */,
			);
			sourceTree = "<group>";
		};
		F4456D61229283A200469597 /* Products */ = {
			isa = PBXGroup;
			children = (
				F4456D60229283A200469597 /* Objective-C UITableView.app */,
			);
			name = Products;
			sourceTree = "<group>";
		};
		F4456D62229283A200469597 /* Objective-C UITableView */ = {
			isa = PBXGroup;
			children = (
				F421856322940A23001F96F2 /* Other */,
				F421855B2293E3FE001F96F2 /* Resources */,
				F421855A2293E1A2001F96F2 /* Controller */,
				F42185592293E18D001F96F2 /* View */,
				F4456D71229283A400469597 /* Info.plist */,
			);
			path = "Objective-C UITableView";
			sourceTree = "<group>";
		};
/* End PBXGroup section */

/* Begin PBXNativeTarget section */
		F4456D5F229283A200469597 /* Objective-C UITableView */ = {
			isa = PBXNativeTarget;
			buildConfigurationList = F4456D76229283A400469597 /* Build configuration list for PBXNativeTarget "Objective-C UITableView" */;
			buildPhases = (
				F4456D5C229283A200469597 /* Sources */,
				F4456D5D229283A200469597 /* Frameworks */,
				F4456D5E229283A200469597 /* Resources */,
			);
			buildRules = (
			);
			dependencies = (
			);
			name = "Objective-C UITableView";
			productName = "Objective-C UITableView";
			productReference = F4456D60229283A200469597 /* Objective-C UITableView.app */;
			productType = "com.apple.product-type.application";
		};
/* End PBXNativeTarget section */

/* Begin PBXProject section */
		F4456D58229283A200469597 /* Project object */ = {
			isa = PBXProject;
			attributes = {
				LastUpgradeCheck = 1010;
				ORGANIZATIONNAME = shndrs;
				TargetAttributes = {
					F4456D5F229283A200469597 = {
						CreatedOnToolsVersion = 10.1;
					};
				};
			};
			buildConfigurationList = F4456D5B229283A200469597 /* Build configuration list for PBXProject "Objective-C UITableView" */;
			compatibilityVersion = "Xcode 9.3";
			developmentRegion = en;
			hasScannedForEncodings = 0;
			knownRegions = (
				en,
				Base,
			);
			mainGroup = F4456D57229283A200469597;
			productRefGroup = F4456D61229283A200469597 /* Products */;
			projectDirPath = "";
			projectRoot = "";
			targets = (
				F4456D5F229283A200469597 /* Objective-C UITableView */,
			);
		};
/* End PBXProject section */

/* Begin PBXResourcesBuildPhase section */
		F4456D5E229283A200469597 /* Resources */ = {
			isa = PBXResourcesBuildPhase;
			buildActionMask = 2147483647;
			files = (
				F4456D70229283A400469597 /* LaunchScreen.storyboard in Resources */,
				F4456D6D229283A400469597 /* Assets.xcassets in Resources */,
				F4456D6B229283A200469597 /* Main.storyboard in Resources */,
				F42185602293E77F001F96F2 /* ExpandableCell.xib in Resources */,
			);
			runOnlyForDeploymentPostprocessing = 0;
		};
/* End PBXResourcesBuildPhase section */

/* Begin PBXSourcesBuildPhase section */
		F4456D5C229283A200469597 /* Sources */ = {
			isa = PBXSourcesBuildPhase;
			buildActionMask = 2147483647;
			files = (
				F421855F2293E77F001F96F2 /* ExpandableCell.m in Sources */,
				F4456D68229283A200469597 /* ViewController.m in Sources */,
				F4456D73229283A400469597 /* main.m in Sources */,
				F4456D65229283A200469597 /* AppDelegate.m in Sources */,
			);
			runOnlyForDeploymentPostprocessing = 0;
		};
/* End PBXSourcesBuildPhase section */

/* Begin PBXVariantGroup section */
		F4456D69229283A200469597 /* Main.storyboard */ = {
			isa = PBXVariantGroup;
			children = (
				F4456D6A229283A200469597 /* Base */,
			);
			name = Main.storyboard;
			sourceTree = "<group>";
		};
		F4456D6E229283A400469597 /* LaunchScreen.storyboard */ = {
			isa = PBXVariantGroup;
			children = (
				F4456D6F229283A400469597 /* Base */,
			);
			name = LaunchScreen.storyboard;
			sourceTree = "<group>";
		};
/* End PBXVariantGroup section */

/* Begin XCBuildConfiguration section */
		F4456D74229283A400469597 /* Debug */ = {
			isa = XCBuildConfiguration;
			buildSettings = {
				ALWAYS_SEARCH_USER_PATHS = NO;
				CLANG_ANALYZER_NONNULL = YES;
				CLANG_ANALYZER_NUMBER_OBJECT_CONVERSION = YES_AGGRESSIVE;
				CLANG_CXX_LANGUAGE_STANDARD = "gnu++14";
				CLANG_CXX_LIBRARY = "libc++";
				CLANG_ENABLE_MODULES = YES;
				CLANG_ENABLE_OBJC_ARC = YES;
				CLANG_ENABLE_OBJC_WEAK = YES;
				CLANG_WARN_BLOCK_CAPTURE_AUTORELEASING = YES;
				CLANG_WARN_BOOL_CONVERSION = YES;
				CLANG_WARN_COMMA = YES;
				CLANG_WARN_CONSTANT_CONVERSION = YES;
				CLANG_WARN_DEPRECATED_OBJC_IMPLEMENTATIONS = YES;
				CLANG_WARN_DIRECT_OBJC_ISA_USAGE = YES_ERROR;
				CLANG_WARN_DOCUMENTATION_COMMENTS = YES;
				CLANG_WARN_EMPTY_BODY = YES;
				CLANG_WARN_ENUM_CONVERSION = YES;
				CLANG_WARN_INFINITE_RECURSION = YES;
				CLANG_WARN_INT_CONVERSION = YES;
				CLANG_WARN_NON_LITERAL_NULL_CONVERSION = YES;
				CLANG_WARN_OBJC_IMPLICIT_RETAIN_SELF = YES;
				CLANG_WARN_OBJC_LITERAL_CONVERSION = YES;
				CLANG_WARN_OBJC_ROOT_CLASS = YES_ERROR;
				CLANG_WARN_RANGE_LOOP_ANALYSIS = YES;
				CLANG_WARN_STRICT_PROTOTYPES = YES;
				CLANG_WARN_SUSPICIOUS_MOVE = YES;
				CLANG_WARN_UNGUARDED_AVAILABILITY = YES_AGGRESSIVE;
				CLANG_WARN_UNREACHABLE_CODE = YES;
				CLANG_WARN__DUPLICATE_METHOD_MATCH = YES;
				CODE_SIGN_IDENTITY = "iPhone Developer";
				COPY_PHASE_STRIP = NO;
				DEBUG_INFORMATION_FORMAT = dwarf;
				ENABLE_STRICT_OBJC_MSGSEND = YES;
				ENABLE_TESTABILITY = YES;
				GCC_C_LANGUAGE_STANDARD = gnu11;
				GCC_DYNAMIC_NO_PIC = NO;
				GCC_NO_COMMON_BLOCKS = YES;
				GCC_OPTIMIZATION_LEVEL = 0;
				GCC_PREPROCESSOR_DEFINITIONS = (
					"DEBUG=1",
					"$(inherited)",
				);
				GCC_WARN_64_TO_32_BIT_CONVERSION = YES;
				GCC_WARN_ABOUT_RETURN_TYPE = YES_ERROR;
				GCC_WARN_UNDECLARED_SELECTOR = YES;
				GCC_WARN_UNINITIALIZED_AUTOS = YES_AGGRESSIVE;
				GCC_WARN_UNUSED_FUNCTION = YES;
				GCC_WARN_UNUSED_VARIABLE = YES;
				IPHONEOS_DEPLOYMENT_TARGET = 12.1;
				MTL_ENABLE_DEBUG_INFO = INCLUDE_SOURCE;
				MTL_FAST_MATH = YES;
				ONLY_ACTIVE_ARCH = YES;
				SDKROOT = iphoneos;
			};
			name = Debug;
		};
		F4456D75229283A400469597 /* Release */ = {
			isa = XCBuildConfiguration;
			buildSettings = {
				ALWAYS_SEARCH_USER_PATHS = NO;
				CLANG_ANALYZER_NONNULL = YES;
				CLANG_ANALYZER_NUMBER_OBJECT_CONVERSION = YES_AGGRESSIVE;
				CLANG_CXX_LANGUAGE_STANDARD = "gnu++14";
				CLANG_CXX_LIBRARY = "libc++";
				CLANG_ENABLE_MODULES = YES;
				CLANG_ENABLE_OBJC_ARC = YES;
				CLANG_ENABLE_OBJC_WEAK = YES;
				CLANG_WARN_BLOCK_CAPTURE_AUTORELEASING = YES;
				CLANG_WARN_BOOL_CONVERSION = YES;
				CLANG_WARN_COMMA = YES;
				CLANG_WARN_CONSTANT_CONVERSION = YES;
				CLANG_WARN_DEPRECATED_OBJC_IMPLEMENTATIONS = YES;
				CLANG_WARN_DIRECT_OBJC_ISA_USAGE = YES_ERROR;
				CLANG_WARN_DOCUMENTATION_COMMENTS = YES;
				CLANG_WARN_EMPTY_BODY = YES;
				CLANG_WARN_ENUM_CONVERSION = YES;
				CLANG_WARN_INFINITE_RECURSION = YES;
				CLANG_WARN_INT_CONVERSION = YES;
				CLANG_WARN_NON_LITERAL_NULL_CONVERSION = YES;
				CLANG_WARN_OBJC_IMPLICIT_RETAIN_SELF = YES;
				CLANG_WARN_OBJC_LITERAL_CONVERSION = YES;
				CLANG_WARN_OBJC_ROOT_CLASS = YES_ERROR;
				CLANG_WARN_RANGE_LOOP_ANALYSIS = YES;
				CLANG_WARN_STRICT_PROTOTYPES = YES;
				CLANG_WARN_SUSPICIOUS_MOVE = YES;
				CLANG_WARN_UNGUARDED_AVAILABILITY = YES_AGGRESSIVE;
				CLANG_WARN_UNREACHABLE_CODE = YES;
				CLANG_WARN__DUPLICATE_METHOD_MATCH = YES;
				CODE_SIGN_IDENTITY = "iPhone Developer";
				COPY_PHASE_STRIP = NO;
				DEBUG_INFORMATION_FORMAT = "dwarf-with-dsym";
				ENABLE_NS_ASSERTIONS = NO;
				ENABLE_STRICT_OBJC_MSGSEND = YES;
				GCC_C_LANGUAGE_STANDARD = gnu11;
				GCC_NO_COMMON_BLOCKS = YES;
				GCC_WARN_64_TO_32_BIT_CONVERSION = YES;
				GCC_WARN_ABOUT_RETURN_TYPE = YES_ERROR;
				GCC_WARN_UNDECLARED_SELECTOR = YES;
				GCC_WARN_UNINITIALIZED_AUTOS = YES_AGGRESSIVE;
				GCC_WARN_UNUSED_FUNCTION = YES;
				GCC_WARN_UNUSED_VARIABLE = YES;
				IPHONEOS_DEPLOYMENT_TARGET = 12.1;
				MTL_ENABLE_DEBUG_INFO = NO;
				MTL_FAST_MATH = YES;
				SDKROOT = iphoneos;
				VALIDATE_PRODUCT = YES;
			};
			name = Release;
		};
		F4456D77229283A400469597 /* Debug */ = {
			isa = XCBuildConfiguration;
			buildSettings = {
				ASSETCATALOG_COMPILER_APPICON_NAME = AppIcon;
				CODE_SIGN_STYLE = Automatic;
				DEVELOPMENT_TEAM = KRGCDU34JU;
				INFOPLIST_FILE = "Objective-C UITableView/Info.plist";
				LD_RUNPATH_SEARCH_PATHS = (
					"$(inherited)",
					"@executable_path/Frameworks",
				);
				PRODUCT_BUNDLE_IDENTIFIER = "shndrs.Objective-C-UITableView";
				PRODUCT_NAME = "$(TARGET_NAME)";
				TARGETED_DEVICE_FAMILY = "1,2";
			};
			name = Debug;
		};
		F4456D78229283A400469597 /* Release */ = {
			isa = XCBuildConfiguration;
			buildSettings = {
				ASSETCATALOG_COMPILER_APPICON_NAME = AppIcon;
				CODE_SIGN_STYLE = Automatic;
				DEVELOPMENT_TEAM = KRGCDU34JU;
				INFOPLIST_FILE = "Objective-C UITableView/Info.plist";
				LD_RUNPATH_SEARCH_PATHS = (
					"$(inherited)",
					"@executable_path/Frameworks",
				);
				PRODUCT_BUNDLE_IDENTIFIER = "shndrs.Objective-C-UITableView";
				PRODUCT_NAME = "$(TARGET_NAME)";
				TARGETED_DEVICE_FAMILY = "1,2";
			};
			name = Release;
		};
/* End XCBuildConfiguration section */

/* Begin XCConfigurationList section */
		F4456D5B229283A200469597 /* Build configuration list for PBXProject "Objective-C UITableView" */ = {
			isa = XCConfigurationList;
			buildConfigurations = (
				F4456D74229283A400469597 /* Debug */,
				F4456D75229283A400469597 /* Release */,
			);
			defaultConfigurationIsVisible = 0;
			defaultConfigurationName = Release;
		};
		F4456D76229283A400469597 /* Build configuration list for PBXNativeTarget "Objective-C UITableView" */ = {
			isa = XCConfigurationList;
			buildConfigurations = (
				F4456D77229283A400469597 /* Debug */,
				F4456D78229283A400469597 /* Release */,
			);
			defaultConfigurationIsVisible = 0;
			defaultConfigurationName = Release;
		};
/* End XCConfigurationList section */
	};
	rootObject = F4456D58229283A200469597 /* Project object */;
}
