// !$*UTF8*$!
{
	archiveVersion = 1;
	classes = {
	};
	objectVersion = 50;
	objects = {

/* Begin PBXBuildFile section */
		F489CC3F241773E3005203D8 /* AppDelegate.m in Sources */ = {isa = PBXBuildFile; fileRef = F489CC3E241773E3005203D8 /* AppDelegate.m */; };
		F489CC42241773E3005203D8 /* SceneDelegate.m in Sources */ = {isa = PBXBuildFile; fileRef = F489CC41241773E3005203D8 /* SceneDelegate.m */; };
		F489CC45241773E3005203D8 /* ViewController.m in Sources */ = {isa = PBXBuildFile; fileRef = F489CC44241773E3005203D8 /* ViewController.m */; };
		F489CC48241773E3005203D8 /* Main.storyboard in Resources */ = {isa = PBXBuildFile; fileRef = F489CC46241773E3005203D8 /* Main.storyboard */; };
		F489CC4A241773E4005203D8 /* Assets.xcassets in Resources */ = {isa = PBXBuildFile; fileRef = F489CC49241773E4005203D8 /* Assets.xcassets */; };
		F489CC4D241773E4005203D8 /* LaunchScreen.storyboard in Resources */ = {isa = PBXBuildFile; fileRef = F489CC4B241773E4005203D8 /* LaunchScreen.storyboard */; };
		F489CC50241773E4005203D8 /* main.m in Sources */ = {isa = PBXBuildFile; fileRef = F489CC4F241773E4005203D8 /* main.m */; };
/* End PBXBuildFile section */

/* Begin PBXFileReference section */
		F489CC3A241773E3005203D8 /* objc-b.app */ = {isa = PBXFileReference; explicitFileType = wrapper.application; includeInIndex = 0; path = "objc-b.app"; sourceTree = BUILT_PRODUCTS_DIR; };
		F489CC3D241773E3005203D8 /* AppDelegate.h */ = {isa = PBXFileReference; lastKnownFileType = sourcecode.c.h; path = AppDelegate.h; sourceTree = "<group>"; };
		F489CC3E241773E3005203D8 /* AppDelegate.m */ = {isa = PBXFileReference; lastKnownFileType = sourcecode.c.objc; path = AppDelegate.m; sourceTree = "<group>"; };
		F489CC40241773E3005203D8 /* SceneDelegate.h */ = {isa = PBXFileReference; lastKnownFileType = sourcecode.c.h; path = SceneDelegate.h; sourceTree = "<group>"; };
		F489CC41241773E3005203D8 /* SceneDelegate.m */ = {isa = PBXFileReference; lastKnownFileType = sourcecode.c.objc; path = SceneDelegate.m; sourceTree = "<group>"; };
		F489CC43241773E3005203D8 /* ViewController.h */ = {isa = PBXFileReference; lastKnownFileType = sourcecode.c.h; path = ViewController.h; sourceTree = "<group>"; };
		F489CC44241773E3005203D8 /* ViewController.m */ = {isa = PBXFileReference; lastKnownFileType = sourcecode.c.objc; path = ViewController.m; sourceTree = "<group>"; };
		F489CC47241773E3005203D8 /* Base */ = {isa = PBXFileReference; lastKnownFileType = file.storyboard; name = Base; path = Base.lproj/Main.storyboard; sourceTree = "<group>"; };
		F489CC49241773E4005203D8 /* Assets.xcassets */ = {isa = PBXFileReference; lastKnownFileType = folder.assetcatalog; path = Assets.xcassets; sourceTree = "<group>"; };
		F489CC4C241773E4005203D8 /* Base */ = {isa = PBXFileReference; lastKnownFileType = file.storyboard; name = Base; path = Base.lproj/LaunchScreen.storyboard; sourceTree = "<group>"; };
		F489CC4E241773E4005203D8 /* Info.plist */ = {isa = PBXFileReference; lastKnownFileType = text.plist.xml; path = Info.plist; sourceTree = "<group>"; };
		F489CC4F241773E4005203D8 /* main.m */ = {isa = PBXFileReference; lastKnownFileType = sourcecode.c.objc; path = main.m; sourceTree = "<group>"; };
/* End PBXFileReference section */

/* Begin PBXFrameworksBuildPhase section */
		F489CC37241773E3005203D8 /* Frameworks */ = {
			isa = PBXFrameworksBuildPhase;
			buildActionMask = 2147483647;
			files = (
			);
			runOnlyForDeploymentPostprocessing = 0;
		};
/* End PBXFrameworksBuildPhase section */

/* Begin PBXGroup section */
		F489CC31241773E3005203D8 = {
			isa = PBXGroup;
			children = (
				F489CC3C241773E3005203D8 /* objc-b */,
				F489CC3B241773E3005203D8 /* Products */,
			);
			sourceTree = "<group>";
		};
		F489CC3B241773E3005203D8 /* Products */ = {
			isa = PBXGroup;
			children = (
				F489CC3A241773E3005203D8 /* objc-b.app */,
			);
			name = Products;
			sourceTree = "<group>";
		};
		F489CC3C241773E3005203D8 /* objc-b */ = {
			isa = PBXGroup;
			children = (
				F489CC3D241773E3005203D8 /* AppDelegate.h */,
				F489CC3E241773E3005203D8 /* AppDelegate.m */,
				F489CC40241773E3005203D8 /* SceneDelegate.h */,
				F489CC41241773E3005203D8 /* SceneDelegate.m */,
				F489CC43241773E3005203D8 /* ViewController.h */,
				F489CC44241773E3005203D8 /* ViewController.m */,
				F489CC46241773E3005203D8 /* Main.storyboard */,
				F489CC49241773E4005203D8 /* Assets.xcassets */,
				F489CC4B241773E4005203D8 /* LaunchScreen.storyboard */,
				F489CC4E241773E4005203D8 /* Info.plist */,
				F489CC4F241773E4005203D8 /* main.m */,
			);
			path = "objc-b";
			sourceTree = "<group>";
		};
/* End PBXGroup section */

/* Begin PBXNativeTarget section */
		F489CC39241773E3005203D8 /* objc-b */ = {
			isa = PBXNativeTarget;
			buildConfigurationList = F489CC53241773E4005203D8 /* Build configuration list for PBXNativeTarget "objc-b" */;
			buildPhases = (
				F489CC36241773E3005203D8 /* Sources */,
				F489CC37241773E3005203D8 /* Frameworks */,
				F489CC38241773E3005203D8 /* Resources */,
			);
			buildRules = (
			);
			dependencies = (
			);
			name = "objc-b";
			productName = "objc-b";
			productReference = F489CC3A241773E3005203D8 /* objc-b.app */;
			productType = "com.apple.product-type.application";
		};
/* End PBXNativeTarget section */

/* Begin PBXProject section */
		F489CC32241773E3005203D8 /* Project object */ = {
			isa = PBXProject;
			attributes = {
				LastUpgradeCheck = 1130;
				ORGANIZATIONNAME = shndrs;
				TargetAttributes = {
					F489CC39241773E3005203D8 = {
						CreatedOnToolsVersion = 11.3;
					};
				};
			};
			buildConfigurationList = F489CC35241773E3005203D8 /* Build configuration list for PBXProject "objc-b" */;
			compatibilityVersion = "Xcode 9.3";
			developmentRegion = en;
			hasScannedForEncodings = 0;
			knownRegions = (
				en,
				Base,
			);
			mainGroup = F489CC31241773E3005203D8;
			productRefGroup = F489CC3B241773E3005203D8 /* Products */;
			projectDirPath = "";
			projectRoot = "";
			targets = (
				F489CC39241773E3005203D8 /* objc-b */,
			);
		};
/* End PBXProject section */

/* Begin PBXResourcesBuildPhase section */
		F489CC38241773E3005203D8 /* Resources */ = {
			isa = PBXResourcesBuildPhase;
			buildActionMask = 2147483647;
			files = (
				F489CC4D241773E4005203D8 /* LaunchScreen.storyboard in Resources */,
				F489CC4A241773E4005203D8 /* Assets.xcassets in Resources */,
				F489CC48241773E3005203D8 /* Main.storyboard in Resources */,
			);
			runOnlyForDeploymentPostprocessing = 0;
		};
/* End PBXResourcesBuildPhase section */

/* Begin PBXSourcesBuildPhase section */
		F489CC36241773E3005203D8 /* Sources */ = {
			isa = PBXSourcesBuildPhase;
			buildActionMask = 2147483647;
			files = (
				F489CC45241773E3005203D8 /* ViewController.m in Sources */,
				F489CC3F241773E3005203D8 /* AppDelegate.m in Sources */,
				F489CC50241773E4005203D8 /* main.m in Sources */,
				F489CC42241773E3005203D8 /* SceneDelegate.m in Sources */,
			);
			runOnlyForDeploymentPostprocessing = 0;
		};
/* End PBXSourcesBuildPhase section */

/* Begin PBXVariantGroup section */
		F489CC46241773E3005203D8 /* Main.storyboard */ = {
			isa = PBXVariantGroup;
			children = (
				F489CC47241773E3005203D8 /* Base */,
			);
			name = Main.storyboard;
			sourceTree = "<group>";
		};
		F489CC4B241773E4005203D8 /* LaunchScreen.storyboard */ = {
			isa = PBXVariantGroup;
			children = (
				F489CC4C241773E4005203D8 /* Base */,
			);
			name = LaunchScreen.storyboard;
			sourceTree = "<group>";
		};
/* End PBXVariantGroup section */

/* Begin XCBuildConfiguration section */
		F489CC51241773E4005203D8 /* Debug */ = {
			isa = XCBuildConfiguration;
			buildSettings = {
				ALWAYS_SEARCH_USER_PATHS = NO;
				CLANG_ANALYZER_NONNULL = YES;
				CLANG_ANALYZER_NUMBER_OBJECT_CONVERSION = YES_AGGRESSIVE;
				CLANG_CXX_LANGUAGE_STANDARD = "gnu++14";
				CLANG_CXX_LIBRARY = "libc++";
				CLANG_ENABLE_MODULES = YES;
				CLANG_ENABLE_OBJC_ARC = YES;
				CLANG_ENABLE_OBJC_WEAK = YES;
				CLANG_WARN_BLOCK_CAPTURE_AUTORELEASING = YES;
				CLANG_WARN_BOOL_CONVERSION = YES;
				CLANG_WARN_COMMA = YES;
				CLANG_WARN_CONSTANT_CONVERSION = YES;
				CLANG_WARN_DEPRECATED_OBJC_IMPLEMENTATIONS = YES;
				CLANG_WARN_DIRECT_OBJC_ISA_USAGE = YES_ERROR;
				CLANG_WARN_DOCUMENTATION_COMMENTS = YES;
				CLANG_WARN_EMPTY_BODY = YES;
				CLANG_WARN_ENUM_CONVERSION = YES;
				CLANG_WARN_INFINITE_RECURSION = YES;
				CLANG_WARN_INT_CONVERSION = YES;
				CLANG_WARN_NON_LITERAL_NULL_CONVERSION = YES;
				CLANG_WARN_OBJC_IMPLICIT_RETAIN_SELF = YES;
				CLANG_WARN_OBJC_LITERAL_CONVERSION = YES;
				CLANG_WARN_OBJC_ROOT_CLASS = YES_ERROR;
				CLANG_WARN_RANGE_LOOP_ANALYSIS = YES;
				CLANG_WARN_STRICT_PROTOTYPES = YES;
				CLANG_WARN_SUSPICIOUS_MOVE = YES;
				CLANG_WARN_UNGUARDED_AVAILABILITY = YES_AGGRESSIVE;
				CLANG_WARN_UNREACHABLE_CODE = YES;
				CLANG_WARN__DUPLICATE_METHOD_MATCH = YES;
				COPY_PHASE_STRIP = NO;
				DEBUG_INFORMATION_FORMAT = dwarf;
				ENABLE_STRICT_OBJC_MSGSEND = YES;
				ENABLE_TESTABILITY = YES;
				GCC_C_LANGUAGE_STANDARD = gnu11;
				GCC_DYNAMIC_NO_PIC = NO;
				GCC_NO_COMMON_BLOCKS = YES;
				GCC_OPTIMIZATION_LEVEL = 0;
				GCC_PREPROCESSOR_DEFINITIONS = (
					"DEBUG=1",
					"$(inherited)",
				);
				GCC_WARN_64_TO_32_BIT_CONVERSION = YES;
				GCC_WARN_ABOUT_RETURN_TYPE = YES_ERROR;
				GCC_WARN_UNDECLARED_SELECTOR = YES;
				GCC_WARN_UNINITIALIZED_AUTOS = YES_AGGRESSIVE;
				GCC_WARN_UNUSED_FUNCTION = YES;
				GCC_WARN_UNUSED_VARIABLE = YES;
				IPHONEOS_DEPLOYMENT_TARGET = 13.2;
				MTL_ENABLE_DEBUG_INFO = INCLUDE_SOURCE;
				MTL_FAST_MATH = YES;
				ONLY_ACTIVE_ARCH = YES;
				SDKROOT = iphoneos;
			};
			name = Debug;
		};
		F489CC52241773E4005203D8 /* Release */ = {
			isa = XCBuildConfiguration;
			buildSettings = {
				ALWAYS_SEARCH_USER_PATHS = NO;
				CLANG_ANALYZER_NONNULL = YES;
				CLANG_ANALYZER_NUMBER_OBJECT_CONVERSION = YES_AGGRESSIVE;
				CLANG_CXX_LANGUAGE_STANDARD = "gnu++14";
				CLANG_CXX_LIBRARY = "libc++";
				CLANG_ENABLE_MODULES = YES;
				CLANG_ENABLE_OBJC_ARC = YES;
				CLANG_ENABLE_OBJC_WEAK = YES;
				CLANG_WARN_BLOCK_CAPTURE_AUTORELEASING = YES;
				CLANG_WARN_BOOL_CONVERSION = YES;
				CLANG_WARN_COMMA = YES;
				CLANG_WARN_CONSTANT_CONVERSION = YES;
				CLANG_WARN_DEPRECATED_OBJC_IMPLEMENTATIONS = YES;
				CLANG_WARN_DIRECT_OBJC_ISA_USAGE = YES_ERROR;
				CLANG_WARN_DOCUMENTATION_COMMENTS = YES;
				CLANG_WARN_EMPTY_BODY = YES;
				CLANG_WARN_ENUM_CONVERSION = YES;
				CLANG_WARN_INFINITE_RECURSION = YES;
				CLANG_WARN_INT_CONVERSION = YES;
				CLANG_WARN_NON_LITERAL_NULL_CONVERSION = YES;
				CLANG_WARN_OBJC_IMPLICIT_RETAIN_SELF = YES;
				CLANG_WARN_OBJC_LITERAL_CONVERSION = YES;
				CLANG_WARN_OBJC_ROOT_CLASS = YES_ERROR;
				CLANG_WARN_RANGE_LOOP_ANALYSIS = YES;
				CLANG_WARN_STRICT_PROTOTYPES = YES;
				CLANG_WARN_SUSPICIOUS_MOVE = YES;
				CLANG_WARN_UNGUARDED_AVAILABILITY = YES_AGGRESSIVE;
				CLANG_WARN_UNREACHABLE_CODE = YES;
				CLANG_WARN__DUPLICATE_METHOD_MATCH = YES;
				COPY_PHASE_STRIP = NO;
				DEBUG_INFORMATION_FORMAT = "dwarf-with-dsym";
				ENABLE_NS_ASSERTIONS = NO;
				ENABLE_STRICT_OBJC_MSGSEND = YES;
				GCC_C_LANGUAGE_STANDARD = gnu11;
				GCC_NO_COMMON_BLOCKS = YES;
				GCC_WARN_64_TO_32_BIT_CONVERSION = YES;
				GCC_WARN_ABOUT_RETURN_TYPE = YES_ERROR;
				GCC_WARN_UNDECLARED_SELECTOR = YES;
				GCC_WARN_UNINITIALIZED_AUTOS = YES_AGGRESSIVE;
				GCC_WARN_UNUSED_FUNCTION = YES;
				GCC_WARN_UNUSED_VARIABLE = YES;
				IPHONEOS_DEPLOYMENT_TARGET = 13.2;
				MTL_ENABLE_DEBUG_INFO = NO;
				MTL_FAST_MATH = YES;
				SDKROOT = iphoneos;
				VALIDATE_PRODUCT = YES;
			};
			name = Release;
		};
		F489CC54241773E4005203D8 /* Debug */ = {
			isa = XCBuildConfiguration;
			buildSettings = {
				ASSETCATALOG_COMPILER_APPICON_NAME = AppIcon;
				CODE_SIGN_STYLE = Automatic;
				DEVELOPMENT_TEAM = KRGCDU34JU;
				INFOPLIST_FILE = "objc-b/Info.plist";
				LD_RUNPATH_SEARCH_PATHS = (
					"$(inherited)",
					"@executable_path/Frameworks",
				);
				PRODUCT_BUNDLE_IDENTIFIER = "co.shndrs.objc-b";
				PRODUCT_NAME = "$(TARGET_NAME)";
				TARGETED_DEVICE_FAMILY = "1,2";
			};
			name = Debug;
		};
		F489CC55241773E4005203D8 /* Release */ = {
			isa = XCBuildConfiguration;
			buildSettings = {
				ASSETCATALOG_COMPILER_APPICON_NAME = AppIcon;
				CODE_SIGN_STYLE = Automatic;
				DEVELOPMENT_TEAM = KRGCDU34JU;
				INFOPLIST_FILE = "objc-b/Info.plist";
				LD_RUNPATH_SEARCH_PATHS = (
					"$(inherited)",
					"@executable_path/Frameworks",
				);
				PRODUCT_BUNDLE_IDENTIFIER = "co.shndrs.objc-b";
				PRODUCT_NAME = "$(TARGET_NAME)";
				TARGETED_DEVICE_FAMILY = "1,2";
			};
			name = Release;
		};
/* End XCBuildConfiguration section */

/* Begin XCConfigurationList section */
		F489CC35241773E3005203D8 /* Build configuration list for PBXProject "objc-b" */ = {
			isa = XCConfigurationList;
			buildConfigurations = (
				F489CC51241773E4005203D8 /* Debug */,
				F489CC52241773E4005203D8 /* Release */,
			);
			defaultConfigurationIsVisible = 0;
			defaultConfigurationName = Release;
		};
		F489CC53241773E4005203D8 /* Build configuration list for PBXNativeTarget "objc-b" */ = {
			isa = XCConfigurationList;
			buildConfigurations = (
				F489CC54241773E4005203D8 /* Debug */,
				F489CC55241773E4005203D8 /* Release */,
			);
			defaultConfigurationIsVisible = 0;
			defaultConfigurationName = Release;
		};
/* End XCConfigurationList section */
	};
	rootObject = F489CC32241773E3005203D8 /* Project object */;
}
